{
  "name": "test",
  "lockfileVersion": 2,
  "requires": true,
  "packages": {
    "": {
      "dependencies": {
        "pareto-lib-core": "^0.6.0"
      }
    },
    "node_modules/pareto-api-core": {
      "version": "0.3.0",
      "resolved": "https://registry.npmjs.org/pareto-api-core/-/pareto-api-core-0.3.0.tgz",
      "integrity": "sha512-3Ohd8JOwqzGk4eC3BpZR21dLp6hr1I/6AoUf23huzEDbWYmZfN1c9w3S78tm9DGQZ8/sOJl5nEGCaOudOWhohg=="
    },
    "node_modules/pareto-lib-core": {
      "version": "0.6.0",
      "resolved": "https://registry.npmjs.org/pareto-lib-core/-/pareto-lib-core-0.6.0.tgz",
      "integrity": "sha512-Y365jVSamLVtucErTZnEVLBMAP7m0nBl4+IQ668dXIQHq36tC1na7j1fMRRu2aU5I5ld3U1tV1B46iHudW5+iA==",
      "dependencies": {
        "pareto-api-core": "^0.3.0"
      }
    }
  },
  "dependencies": {
    "pareto-api-core": {
      "version": "0.3.0",
      "resolved": "https://registry.npmjs.org/pareto-api-core/-/pareto-api-core-0.3.0.tgz",
      "integrity": "sha512-3Ohd8JOwqzGk4eC3BpZR21dLp6hr1I/6AoUf23huzEDbWYmZfN1c9w3S78tm9DGQZ8/sOJl5nEGCaOudOWhohg=="
    },
    "pareto-lib-core": {
      "version": "0.6.0",
      "resolved": "https://registry.npmjs.org/pareto-lib-core/-/pareto-lib-core-0.6.0.tgz",
      "integrity": "sha512-Y365jVSamLVtucErTZnEVLBMAP7m0nBl4+IQ668dXIQHq36tC1na7j1fMRRu2aU5I5ld3U1tV1B46iHudW5+iA==",
      "requires": {
        "pareto-api-core": "^0.3.0"
      }
    }
  }
}
