{
  "name": "pareto-lang-lib",
  "version": "0.13.0",
  "lockfileVersion": 2,
  "requires": true,
  "packages": {
    "": {
      "name": "pareto-lang-lib",
      "version": "0.13.0",
      "license": "ISC",
      "dependencies": {
        "astn-expect-api": "^0.1.2",
        "pareto-api-core": "^0.3.0",
        "pareto-lib-core": "^0.6.0"
      }
    },
    "node_modules/astn-expect-api": {
      "version": "0.1.2",
      "resolved": "https://registry.npmjs.org/astn-expect-api/-/astn-expect-api-0.1.2.tgz",
      "integrity": "sha512-ls0WOpmg6w76trb2hT10qEV3Ldq+3T2n27yyG0HGFR0r4XpfDrAs/2Zr4HtmT6tFxafQB9/aX8Lisk3v7zSLVg==",
      "dependencies": {
        "astn-handlers-api": "^0.6.0"
      }
    },
    "node_modules/astn-handlers-api": {
      "version": "0.6.0",
      "resolved": "https://registry.npmjs.org/astn-handlers-api/-/astn-handlers-api-0.6.0.tgz",
      "integrity": "sha512-dujuwku/LKsWA7vDDbSIL/ZDQeby9LazEY0bkUjg3m+jV2HfQV/YoL90pWbNF0MF63GG+s9voDDRySKrV3rjrw==",
      "dependencies": {
        "astn-tokenconsumer-api": "^0.3.4"
      }
    },
    "node_modules/astn-tokenconsumer-api": {
      "version": "0.3.4",
      "resolved": "https://registry.npmjs.org/astn-tokenconsumer-api/-/astn-tokenconsumer-api-0.3.4.tgz",
      "integrity": "sha512-KsmXBkvCGSOV6e3qlACuWut4336jcDVnQT7eVEp6rdfCPQXA8gzt9DSsmSj5sLlPmIXxvdfUbCrD6r6CThrn5A=="
    },
    "node_modules/pareto-api-core": {
      "version": "0.3.0",
      "resolved": "https://registry.npmjs.org/pareto-api-core/-/pareto-api-core-0.3.0.tgz",
      "integrity": "sha512-3Ohd8JOwqzGk4eC3BpZR21dLp6hr1I/6AoUf23huzEDbWYmZfN1c9w3S78tm9DGQZ8/sOJl5nEGCaOudOWhohg=="
    },
    "node_modules/pareto-lib-core": {
      "version": "0.6.0",
      "resolved": "https://registry.npmjs.org/pareto-lib-core/-/pareto-lib-core-0.6.0.tgz",
      "integrity": "sha512-Y365jVSamLVtucErTZnEVLBMAP7m0nBl4+IQ668dXIQHq36tC1na7j1fMRRu2aU5I5ld3U1tV1B46iHudW5+iA==",
      "dependencies": {
        "pareto-api-core": "^0.3.0"
      }
    }
  },
  "dependencies": {
    "astn-expect-api": {
      "version": "0.1.2",
      "resolved": "https://registry.npmjs.org/astn-expect-api/-/astn-expect-api-0.1.2.tgz",
      "integrity": "sha512-ls0WOpmg6w76trb2hT10qEV3Ldq+3T2n27yyG0HGFR0r4XpfDrAs/2Zr4HtmT6tFxafQB9/aX8Lisk3v7zSLVg==",
      "requires": {
        "astn-handlers-api": "^0.6.0"
      }
    },
    "astn-handlers-api": {
      "version": "0.6.0",
      "resolved": "https://registry.npmjs.org/astn-handlers-api/-/astn-handlers-api-0.6.0.tgz",
      "integrity": "sha512-dujuwku/LKsWA7vDDbSIL/ZDQeby9LazEY0bkUjg3m+jV2HfQV/YoL90pWbNF0MF63GG+s9voDDRySKrV3rjrw==",
      "requires": {
        "astn-tokenconsumer-api": "^0.3.4"
      }
    },
    "astn-tokenconsumer-api": {
      "version": "0.3.4",
      "resolved": "https://registry.npmjs.org/astn-tokenconsumer-api/-/astn-tokenconsumer-api-0.3.4.tgz",
      "integrity": "sha512-KsmXBkvCGSOV6e3qlACuWut4336jcDVnQT7eVEp6rdfCPQXA8gzt9DSsmSj5sLlPmIXxvdfUbCrD6r6CThrn5A=="
    },
    "pareto-api-core": {
      "version": "0.3.0",
      "resolved": "https://registry.npmjs.org/pareto-api-core/-/pareto-api-core-0.3.0.tgz",
      "integrity": "sha512-3Ohd8JOwqzGk4eC3BpZR21dLp6hr1I/6AoUf23huzEDbWYmZfN1c9w3S78tm9DGQZ8/sOJl5nEGCaOudOWhohg=="
    },
    "pareto-lib-core": {
      "version": "0.6.0",
      "resolved": "https://registry.npmjs.org/pareto-lib-core/-/pareto-lib-core-0.6.0.tgz",
      "integrity": "sha512-Y365jVSamLVtucErTZnEVLBMAP7m0nBl4+IQ668dXIQHq36tC1na7j1fMRRu2aU5I5ld3U1tV1B46iHudW5+iA==",
      "requires": {
        "pareto-api-core": "^0.3.0"
      }
    }
  }
}
