{
  "name": "astn-expect-api",
  "version": "0.1.2",
  "lockfileVersion": 2,
  "requires": true,
  "packages": {
    "": {
      "name": "astn-expect-api",
      "version": "0.1.2",
      "license": "ISC",
      "dependencies": {
        "astn-handlers-api": "^0.6.0"
      }
    },
    "node_modules/astn-handlers-api": {
      "version": "0.6.0",
      "resolved": "https://registry.npmjs.org/astn-handlers-api/-/astn-handlers-api-0.6.0.tgz",
      "integrity": "sha512-dujuwku/LKsWA7vDDbSIL/ZDQeby9LazEY0bkUjg3m+jV2HfQV/YoL90pWbNF0MF63GG+s9voDDRySKrV3rjrw==",
      "dependencies": {
        "astn-tokenconsumer-api": "^0.3.4"
      }
    },
    "node_modules/astn-tokenconsumer-api": {
      "version": "0.3.4",
      "resolved": "https://registry.npmjs.org/astn-tokenconsumer-api/-/astn-tokenconsumer-api-0.3.4.tgz",
      "integrity": "sha512-KsmXBkvCGSOV6e3qlACuWut4336jcDVnQT7eVEp6rdfCPQXA8gzt9DSsmSj5sLlPmIXxvdfUbCrD6r6CThrn5A=="
    }
  },
  "dependencies": {
    "astn-handlers-api": {
      "version": "0.6.0",
      "resolved": "https://registry.npmjs.org/astn-handlers-api/-/astn-handlers-api-0.6.0.tgz",
      "integrity": "sha512-dujuwku/LKsWA7vDDbSIL/ZDQeby9LazEY0bkUjg3m+jV2HfQV/YoL90pWbNF0MF63GG+s9voDDRySKrV3rjrw==",
      "requires": {
        "astn-tokenconsumer-api": "^0.3.4"
      }
    },
    "astn-tokenconsumer-api": {
      "version": "0.3.4",
      "resolved": "https://registry.npmjs.org/astn-tokenconsumer-api/-/astn-tokenconsumer-api-0.3.4.tgz",
      "integrity": "sha512-KsmXBkvCGSOV6e3qlACuWut4336jcDVnQT7eVEp6rdfCPQXA8gzt9DSsmSj5sLlPmIXxvdfUbCrD6r6CThrn5A=="
    }
  }
}
